
Microsoft Visual Studio Solution File, Format Version 12.00
# Visual Studio 14
VisualStudioVersion = 14.0.24720.0
MinimumVisualStudioVersion = 10.0.40219.1
Project("{FAE04EC0-301F-11D3-BF4B-00C04F79EFBC}") = "AllocateArray", "AllocateArray\AllocateArray.csproj", "{04C4DFA4-7060-4EBC-AB9C-BFB507D19297}"
EndProject
Project("{FAE04EC0-301F-11D3-BF4B-00C04F79EFBC}") = "CompareArrays", "CompareArrays\CompareArrays.csproj", "{A659A08B-56EB-4A85-9197-3F5FED834A55}"
EndProject
Project("{FAE04EC0-301F-11D3-BF4B-00C04F79EFBC}") = "CompareCharArrays", "CompareCharArrays\CompareCharArrays.csproj", "{201A79F5-CB36-4E24-8081-BF32FC59E647}"
EndProject
Project("{FAE04EC0-301F-11D3-BF4B-00C04F79EFBC}") = "MaximalSequence", "MaximalSequence\MaximalSequence.csproj", "{C7F82B18-BB07-4F15-8EF7-FC7137B397D0}"
EndProject
Project("{FAE04EC0-301F-11D3-BF4B-00C04F79EFBC}") = "MaximalIncreasingSequence", "MaximalIncreasingSequence\MaximalIncreasingSequence.csproj", "{493AA99F-6B46-4F45-AE45-04E78FE9E248}"
EndProject
Project("{FAE04EC0-301F-11D3-BF4B-00C04F79EFBC}") = "PrimeNumbers", "PrimeNumbers\PrimeNumbers.csproj", "{6A8A5393-8B8A-4240-B6FE-7B7E9582DF23}"
EndProject
Project("{FAE04EC0-301F-11D3-BF4B-00C04F79EFBC}") = "MaximalKSum", "MaximalKSum\MaximalKSum.csproj", "{16DD9B61-B344-4847-A775-091F1B86293B}"
EndProject
Project("{FAE04EC0-301F-11D3-BF4B-00C04F79EFBC}") = "SelectionSort", "SelectionSort\SelectionSort.csproj", "{A211EB2B-4EE0-4F40-8039-7C6419EECB4D}"
EndProject
Project("{FAE04EC0-301F-11D3-BF4B-00C04F79EFBC}") = "MaximalSum", "MaximalSum\MaximalSum.csproj", "{63AAF62F-6F24-425A-87E1-CC16E2593504}"
EndProject
Project("{FAE04EC0-301F-11D3-BF4B-00C04F79EFBC}") = "FrequentNumber", "FrequentNumber\FrequentNumber.csproj", "{4F01E689-D084-4D74-9945-1DC33FFC00C3}"
EndProject
Project("{FAE04EC0-301F-11D3-BF4B-00C04F79EFBC}") = "BinarySearch", "BinarySearch\BinarySearch.csproj", "{936A1840-C659-4F90-9B0C-A6C99783BCB8}"
EndProject
Project("{FAE04EC0-301F-11D3-BF4B-00C04F79EFBC}") = "IndexOfLetters", "IndexOfLetters\IndexOfLetters.csproj", "{E6BCCF22-F5AD-497B-A559-0ADAAEECD43D}"
EndProject
Project("{FAE04EC0-301F-11D3-BF4B-00C04F79EFBC}") = "MergeSort", "MergeSort\MergeSort.csproj", "{33DA7313-0170-4A58-9D31-5C166A6C6534}"
EndProject
Project("{FAE04EC0-301F-11D3-BF4B-00C04F79EFBC}") = "QuickSort", "QuickSort\QuickSort.csproj", "{3C7C1709-3E5A-4A4D-989D-4C9CA3481F52}"
EndProject
Project("{FAE04EC0-301F-11D3-BF4B-00C04F79EFBC}") = "RemoveElementsFormArray", "RemoveElementsFormArray\RemoveElementsFormArray.csproj", "{6255F673-9BB4-43B2-8F22-DE2E860EF9D0}"
EndProject
Global
	GlobalSection(SolutionConfigurationPlatforms) = preSolution
		Debug|Any CPU = Debug|Any CPU
		Release|Any CPU = Release|Any CPU
	EndGlobalSection
	GlobalSection(ProjectConfigurationPlatforms) = postSolution
		{04C4DFA4-7060-4EBC-AB9C-BFB507D19297}.Debug|Any CPU.ActiveCfg = Debug|Any CPU
		{04C4DFA4-7060-4EBC-AB9C-BFB507D19297}.Debug|Any CPU.Build.0 = Debug|Any CPU
		{04C4DFA4-7060-4EBC-AB9C-BFB507D19297}.Release|Any CPU.ActiveCfg = Release|Any CPU
		{04C4DFA4-7060-4EBC-AB9C-BFB507D19297}.Release|Any CPU.Build.0 = Release|Any CPU
		{A659A08B-56EB-4A85-9197-3F5FED834A55}.Debug|Any CPU.ActiveCfg = Debug|Any CPU
		{A659A08B-56EB-4A85-9197-3F5FED834A55}.Debug|Any CPU.Build.0 = Debug|Any CPU
		{A659A08B-56EB-4A85-9197-3F5FED834A55}.Release|Any CPU.ActiveCfg = Release|Any CPU
		{A659A08B-56EB-4A85-9197-3F5FED834A55}.Release|Any CPU.Build.0 = Release|Any CPU
		{201A79F5-CB36-4E24-8081-BF32FC59E647}.Debug|Any CPU.ActiveCfg = Debug|Any CPU
		{201A79F5-CB36-4E24-8081-BF32FC59E647}.Debug|Any CPU.Build.0 = Debug|Any CPU
		{201A79F5-CB36-4E24-8081-BF32FC59E647}.Release|Any CPU.ActiveCfg = Release|Any CPU
		{201A79F5-CB36-4E24-8081-BF32FC59E647}.Release|Any CPU.Build.0 = Release|Any CPU
		{C7F82B18-BB07-4F15-8EF7-FC7137B397D0}.Debug|Any CPU.ActiveCfg = Debug|Any CPU
		{C7F82B18-BB07-4F15-8EF7-FC7137B397D0}.Debug|Any CPU.Build.0 = Debug|Any CPU
		{C7F82B18-BB07-4F15-8EF7-FC7137B397D0}.Release|Any CPU.ActiveCfg = Release|Any CPU
		{C7F82B18-BB07-4F15-8EF7-FC7137B397D0}.Release|Any CPU.Build.0 = Release|Any CPU
		{493AA99F-6B46-4F45-AE45-04E78FE9E248}.Debug|Any CPU.ActiveCfg = Debug|Any CPU
		{493AA99F-6B46-4F45-AE45-04E78FE9E248}.Debug|Any CPU.Build.0 = Debug|Any CPU
		{493AA99F-6B46-4F45-AE45-04E78FE9E248}.Release|Any CPU.ActiveCfg = Release|Any CPU
		{493AA99F-6B46-4F45-AE45-04E78FE9E248}.Release|Any CPU.Build.0 = Release|Any CPU
		{6A8A5393-8B8A-4240-B6FE-7B7E9582DF23}.Debug|Any CPU.ActiveCfg = Debug|Any CPU
		{6A8A5393-8B8A-4240-B6FE-7B7E9582DF23}.Debug|Any CPU.Build.0 = Debug|Any CPU
		{6A8A5393-8B8A-4240-B6FE-7B7E9582DF23}.Release|Any CPU.ActiveCfg = Release|Any CPU
		{6A8A5393-8B8A-4240-B6FE-7B7E9582DF23}.Release|Any CPU.Build.0 = Release|Any CPU
		{16DD9B61-B344-4847-A775-091F1B86293B}.Debug|Any CPU.ActiveCfg = Debug|Any CPU
		{16DD9B61-B344-4847-A775-091F1B86293B}.Debug|Any CPU.Build.0 = Debug|Any CPU
		{16DD9B61-B344-4847-A775-091F1B86293B}.Release|Any CPU.ActiveCfg = Release|Any CPU
		{16DD9B61-B344-4847-A775-091F1B86293B}.Release|Any CPU.Build.0 = Release|Any CPU
		{A211EB2B-4EE0-4F40-8039-7C6419EECB4D}.Debug|Any CPU.ActiveCfg = Debug|Any CPU
		{A211EB2B-4EE0-4F40-8039-7C6419EECB4D}.Debug|Any CPU.Build.0 = Debug|Any CPU
		{A211EB2B-4EE0-4F40-8039-7C6419EECB4D}.Release|Any CPU.ActiveCfg = Release|Any CPU
		{A211EB2B-4EE0-4F40-8039-7C6419EECB4D}.Release|Any CPU.Build.0 = Release|Any CPU
		{63AAF62F-6F24-425A-87E1-CC16E2593504}.Debug|Any CPU.ActiveCfg = Debug|Any CPU
		{63AAF62F-6F24-425A-87E1-CC16E2593504}.Debug|Any CPU.Build.0 = Debug|Any CPU
		{63AAF62F-6F24-425A-87E1-CC16E2593504}.Release|Any CPU.ActiveCfg = Release|Any CPU
		{63AAF62F-6F24-425A-87E1-CC16E2593504}.Release|Any CPU.Build.0 = Release|Any CPU
		{4F01E689-D084-4D74-9945-1DC33FFC00C3}.Debug|Any CPU.ActiveCfg = Debug|Any CPU
		{4F01E689-D084-4D74-9945-1DC33FFC00C3}.Debug|Any CPU.Build.0 = Debug|Any CPU
		{4F01E689-D084-4D74-9945-1DC33FFC00C3}.Release|Any CPU.ActiveCfg = Release|Any CPU
		{4F01E689-D084-4D74-9945-1DC33FFC00C3}.Release|Any CPU.Build.0 = Release|Any CPU
		{936A1840-C659-4F90-9B0C-A6C99783BCB8}.Debug|Any CPU.ActiveCfg = Debug|Any CPU
		{936A1840-C659-4F90-9B0C-A6C99783BCB8}.Debug|Any CPU.Build.0 = Debug|Any CPU
		{936A1840-C659-4F90-9B0C-A6C99783BCB8}.Release|Any CPU.ActiveCfg = Release|Any CPU
		{936A1840-C659-4F90-9B0C-A6C99783BCB8}.Release|Any CPU.Build.0 = Release|Any CPU
		{E6BCCF22-F5AD-497B-A559-0ADAAEECD43D}.Debug|Any CPU.ActiveCfg = Debug|Any CPU
		{E6BCCF22-F5AD-497B-A559-0ADAAEECD43D}.Debug|Any CPU.Build.0 = Debug|Any CPU
		{E6BCCF22-F5AD-497B-A559-0ADAAEECD43D}.Release|Any CPU.ActiveCfg = Release|Any CPU
		{E6BCCF22-F5AD-497B-A559-0ADAAEECD43D}.Release|Any CPU.Build.0 = Release|Any CPU
		{33DA7313-0170-4A58-9D31-5C166A6C6534}.Debug|Any CPU.ActiveCfg = Debug|Any CPU
		{33DA7313-0170-4A58-9D31-5C166A6C6534}.Debug|Any CPU.Build.0 = Debug|Any CPU
		{33DA7313-0170-4A58-9D31-5C166A6C6534}.Release|Any CPU.ActiveCfg = Release|Any CPU
		{33DA7313-0170-4A58-9D31-5C166A6C6534}.Release|Any CPU.Build.0 = Release|Any CPU
		{3C7C1709-3E5A-4A4D-989D-4C9CA3481F52}.Debug|Any CPU.ActiveCfg = Debug|Any CPU
		{3C7C1709-3E5A-4A4D-989D-4C9CA3481F52}.Debug|Any CPU.Build.0 = Debug|Any CPU
		{3C7C1709-3E5A-4A4D-989D-4C9CA3481F52}.Release|Any CPU.ActiveCfg = Release|Any CPU
		{3C7C1709-3E5A-4A4D-989D-4C9CA3481F52}.Release|Any CPU.Build.0 = Release|Any CPU
		{6255F673-9BB4-43B2-8F22-DE2E860EF9D0}.Debug|Any CPU.ActiveCfg = Debug|Any CPU
		{6255F673-9BB4-43B2-8F22-DE2E860EF9D0}.Debug|Any CPU.Build.0 = Debug|Any CPU
		{6255F673-9BB4-43B2-8F22-DE2E860EF9D0}.Release|Any CPU.ActiveCfg = Release|Any CPU
		{6255F673-9BB4-43B2-8F22-DE2E860EF9D0}.Release|Any CPU.Build.0 = Release|Any CPU
	EndGlobalSection
	GlobalSection(SolutionProperties) = preSolution
		HideSolutionNode = FALSE
	EndGlobalSection
EndGlobal
