
Microsoft Visual Studio Solution File, Format Version 12.00
# Visual Studio 14
VisualStudioVersion = 14.0.24720.0
MinimumVisualStudioVersion = 10.0.40219.1
Project("{FAE04EC0-301F-11D3-BF4B-00C04F79EFBC}") = "AllocateArray", "AllocateArray\AllocateArray.csproj", "{04C4DFA4-7060-4EBC-AB9C-BFB507D19297}"
EndProject
Project("{FAE04EC0-301F-11D3-BF4B-00C04F79EFBC}") = "CompareArrays", "CompareArrays\CompareArrays.csproj", "{A659A08B-56EB-4A85-9197-3F5FED834A55}"
EndProject
Project("{FAE04EC0-301F-11D3-BF4B-00C04F79EFBC}") = "CompareCharArrays", "CompareCharArrays\CompareCharArrays.csproj", "{201A79F5-CB36-4E24-8081-BF32FC59E647}"
EndProject
Project("{FAE04EC0-301F-11D3-BF4B-00C04F79EFBC}") = "MaximalSequence", "MaximalSequence\MaximalSequence.csproj", "{C7F82B18-BB07-4F15-8EF7-FC7137B397D0}"
EndProject
Global
	GlobalSection(SolutionConfigurationPlatforms) = preSolution
		Debug|Any CPU = Debug|Any CPU
		Release|Any CPU = Release|Any CPU
	EndGlobalSection
	GlobalSection(ProjectConfigurationPlatforms) = postSolution
		{04C4DFA4-7060-4EBC-AB9C-BFB507D19297}.Debug|Any CPU.ActiveCfg = Debug|Any CPU
		{04C4DFA4-7060-4EBC-AB9C-BFB507D19297}.Debug|Any CPU.Build.0 = Debug|Any CPU
		{04C4DFA4-7060-4EBC-AB9C-BFB507D19297}.Release|Any CPU.ActiveCfg = Release|Any CPU
		{04C4DFA4-7060-4EBC-AB9C-BFB507D19297}.Release|Any CPU.Build.0 = Release|Any CPU
		{A659A08B-56EB-4A85-9197-3F5FED834A55}.Debug|Any CPU.ActiveCfg = Debug|Any CPU
		{A659A08B-56EB-4A85-9197-3F5FED834A55}.Debug|Any CPU.Build.0 = Debug|Any CPU
		{A659A08B-56EB-4A85-9197-3F5FED834A55}.Release|Any CPU.ActiveCfg = Release|Any CPU
		{A659A08B-56EB-4A85-9197-3F5FED834A55}.Release|Any CPU.Build.0 = Release|Any CPU
		{201A79F5-CB36-4E24-8081-BF32FC59E647}.Debug|Any CPU.ActiveCfg = Debug|Any CPU
		{201A79F5-CB36-4E24-8081-BF32FC59E647}.Debug|Any CPU.Build.0 = Debug|Any CPU
		{201A79F5-CB36-4E24-8081-BF32FC59E647}.Release|Any CPU.ActiveCfg = Release|Any CPU
		{201A79F5-CB36-4E24-8081-BF32FC59E647}.Release|Any CPU.Build.0 = Release|Any CPU
		{C7F82B18-BB07-4F15-8EF7-FC7137B397D0}.Debug|Any CPU.ActiveCfg = Debug|Any CPU
		{C7F82B18-BB07-4F15-8EF7-FC7137B397D0}.Debug|Any CPU.Build.0 = Debug|Any CPU
		{C7F82B18-BB07-4F15-8EF7-FC7137B397D0}.Release|Any CPU.ActiveCfg = Release|Any CPU
		{C7F82B18-BB07-4F15-8EF7-FC7137B397D0}.Release|Any CPU.Build.0 = Release|Any CPU
	EndGlobalSection
	GlobalSection(SolutionProperties) = preSolution
		HideSolutionNode = FALSE
	EndGlobalSection
EndGlobal
