
Microsoft Visual Studio Solution File, Format Version 12.00
# Visual Studio 14
VisualStudioVersion = 14.0.25123.0
MinimumVisualStudioVersion = 10.0.40219.1
Project("{FAE04EC0-301F-11D3-BF4B-00C04F79EFBC}") = "03CompareTwoCharArrays", "exercises\03CompareTwoCharArrays.csproj", "{6A280E80-C9A4-49E4-887D-3CA4D64EDB07}"
EndProject
Project("{FAE04EC0-301F-11D3-BF4B-00C04F79EFBC}") = "02Compare2Arrays", "02Compare2Arrays\02Compare2Arrays.csproj", "{6461EBC1-0232-4273-B902-E4534B90C1DC}"
EndProject
Project("{FAE04EC0-301F-11D3-BF4B-00C04F79EFBC}") = "04MaxSequenceEqualElements", "04MaxSequenceEqualElements\04MaxSequenceEqualElements.csproj", "{9380C673-A201-4E58-A7BA-9C26C12F9606}"
EndProject
Project("{FAE04EC0-301F-11D3-BF4B-00C04F79EFBC}") = "05MaxSequenceOfAscendingNumbers", "05MaxSequenceOfAscendingNumbers\05MaxSequenceOfAscendingNumbers.csproj", "{CD8BDF86-F7F1-4473-9C1A-468C53E57862}"
EndProject
Project("{FAE04EC0-301F-11D3-BF4B-00C04F79EFBC}") = "09maxSequenceSum", "09maxSequenceSum\09maxSequenceSum.csproj", "{2E12FA3C-D5D2-4EEA-9B9F-D2EC9AC1DC46}"
EndProject
Project("{FAE04EC0-301F-11D3-BF4B-00C04F79EFBC}") = "10MostFrequentNumber", "10MostFrequentNumber\10MostFrequentNumber.csproj", "{C7FF36E1-6EEF-4F24-A651-88E5492E79BC}"
EndProject
Project("{FAE04EC0-301F-11D3-BF4B-00C04F79EFBC}") = "12QuadraticMatrix", "12QuadraticMatrix\12QuadraticMatrix.csproj", "{D8609563-1C61-4D98-8DAA-B28C68E0253C}"
EndProject
Project("{FAE04EC0-301F-11D3-BF4B-00C04F79EFBC}") = "08SelectionSort", "08SelectionSort\08SelectionSort.csproj", "{F55AA951-186E-4A70-A7CF-8E74E8275911}"
EndProject
Project("{FAE04EC0-301F-11D3-BF4B-00C04F79EFBC}") = "11FindSubsequenceOgGivenSum", "11FindSubsequenceOgGivenSum\11FindSubsequenceOgGivenSum.csproj", "{5AEC9A39-0878-4846-AA7B-4ACEABBE5FCB}"
EndProject
Project("{FAE04EC0-301F-11D3-BF4B-00C04F79EFBC}") = "19PrimeNumbers_SieveOfErathostens", "19PrimeNumbers_SieveOfErathostens\19PrimeNumbers_SieveOfErathostens.csproj", "{71F8CF9C-9081-49C5-B264-70CE530FA53F}"
EndProject
Global
	GlobalSection(SolutionConfigurationPlatforms) = preSolution
		Debug|Any CPU = Debug|Any CPU
		Release|Any CPU = Release|Any CPU
	EndGlobalSection
	GlobalSection(ProjectConfigurationPlatforms) = postSolution
		{6A280E80-C9A4-49E4-887D-3CA4D64EDB07}.Debug|Any CPU.ActiveCfg = Debug|Any CPU
		{6A280E80-C9A4-49E4-887D-3CA4D64EDB07}.Debug|Any CPU.Build.0 = Debug|Any CPU
		{6A280E80-C9A4-49E4-887D-3CA4D64EDB07}.Release|Any CPU.ActiveCfg = Release|Any CPU
		{6A280E80-C9A4-49E4-887D-3CA4D64EDB07}.Release|Any CPU.Build.0 = Release|Any CPU
		{6461EBC1-0232-4273-B902-E4534B90C1DC}.Debug|Any CPU.ActiveCfg = Debug|Any CPU
		{6461EBC1-0232-4273-B902-E4534B90C1DC}.Debug|Any CPU.Build.0 = Debug|Any CPU
		{6461EBC1-0232-4273-B902-E4534B90C1DC}.Release|Any CPU.ActiveCfg = Release|Any CPU
		{6461EBC1-0232-4273-B902-E4534B90C1DC}.Release|Any CPU.Build.0 = Release|Any CPU
		{9380C673-A201-4E58-A7BA-9C26C12F9606}.Debug|Any CPU.ActiveCfg = Debug|Any CPU
		{9380C673-A201-4E58-A7BA-9C26C12F9606}.Debug|Any CPU.Build.0 = Debug|Any CPU
		{9380C673-A201-4E58-A7BA-9C26C12F9606}.Release|Any CPU.ActiveCfg = Release|Any CPU
		{9380C673-A201-4E58-A7BA-9C26C12F9606}.Release|Any CPU.Build.0 = Release|Any CPU
		{CD8BDF86-F7F1-4473-9C1A-468C53E57862}.Debug|Any CPU.ActiveCfg = Debug|Any CPU
		{CD8BDF86-F7F1-4473-9C1A-468C53E57862}.Debug|Any CPU.Build.0 = Debug|Any CPU
		{CD8BDF86-F7F1-4473-9C1A-468C53E57862}.Release|Any CPU.ActiveCfg = Release|Any CPU
		{CD8BDF86-F7F1-4473-9C1A-468C53E57862}.Release|Any CPU.Build.0 = Release|Any CPU
		{2E12FA3C-D5D2-4EEA-9B9F-D2EC9AC1DC46}.Debug|Any CPU.ActiveCfg = Debug|Any CPU
		{2E12FA3C-D5D2-4EEA-9B9F-D2EC9AC1DC46}.Debug|Any CPU.Build.0 = Debug|Any CPU
		{2E12FA3C-D5D2-4EEA-9B9F-D2EC9AC1DC46}.Release|Any CPU.ActiveCfg = Release|Any CPU
		{2E12FA3C-D5D2-4EEA-9B9F-D2EC9AC1DC46}.Release|Any CPU.Build.0 = Release|Any CPU
		{C7FF36E1-6EEF-4F24-A651-88E5492E79BC}.Debug|Any CPU.ActiveCfg = Debug|Any CPU
		{C7FF36E1-6EEF-4F24-A651-88E5492E79BC}.Debug|Any CPU.Build.0 = Debug|Any CPU
		{C7FF36E1-6EEF-4F24-A651-88E5492E79BC}.Release|Any CPU.ActiveCfg = Release|Any CPU
		{C7FF36E1-6EEF-4F24-A651-88E5492E79BC}.Release|Any CPU.Build.0 = Release|Any CPU
		{D8609563-1C61-4D98-8DAA-B28C68E0253C}.Debug|Any CPU.ActiveCfg = Debug|Any CPU
		{D8609563-1C61-4D98-8DAA-B28C68E0253C}.Debug|Any CPU.Build.0 = Debug|Any CPU
		{D8609563-1C61-4D98-8DAA-B28C68E0253C}.Release|Any CPU.ActiveCfg = Release|Any CPU
		{D8609563-1C61-4D98-8DAA-B28C68E0253C}.Release|Any CPU.Build.0 = Release|Any CPU
		{F55AA951-186E-4A70-A7CF-8E74E8275911}.Debug|Any CPU.ActiveCfg = Debug|Any CPU
		{F55AA951-186E-4A70-A7CF-8E74E8275911}.Debug|Any CPU.Build.0 = Debug|Any CPU
		{F55AA951-186E-4A70-A7CF-8E74E8275911}.Release|Any CPU.ActiveCfg = Release|Any CPU
		{F55AA951-186E-4A70-A7CF-8E74E8275911}.Release|Any CPU.Build.0 = Release|Any CPU
		{5AEC9A39-0878-4846-AA7B-4ACEABBE5FCB}.Debug|Any CPU.ActiveCfg = Debug|Any CPU
		{5AEC9A39-0878-4846-AA7B-4ACEABBE5FCB}.Debug|Any CPU.Build.0 = Debug|Any CPU
		{5AEC9A39-0878-4846-AA7B-4ACEABBE5FCB}.Release|Any CPU.ActiveCfg = Release|Any CPU
		{5AEC9A39-0878-4846-AA7B-4ACEABBE5FCB}.Release|Any CPU.Build.0 = Release|Any CPU
		{71F8CF9C-9081-49C5-B264-70CE530FA53F}.Debug|Any CPU.ActiveCfg = Debug|Any CPU
		{71F8CF9C-9081-49C5-B264-70CE530FA53F}.Debug|Any CPU.Build.0 = Debug|Any CPU
		{71F8CF9C-9081-49C5-B264-70CE530FA53F}.Release|Any CPU.ActiveCfg = Release|Any CPU
		{71F8CF9C-9081-49C5-B264-70CE530FA53F}.Release|Any CPU.Build.0 = Release|Any CPU
	EndGlobalSection
	GlobalSection(SolutionProperties) = preSolution
		HideSolutionNode = FALSE
	EndGlobalSection
EndGlobal
