
Microsoft Visual Studio Solution File, Format Version 12.00
# Visual Studio 14
VisualStudioVersion = 14.0.25123.0
MinimumVisualStudioVersion = 10.0.40219.1
Project("{FAE04EC0-301F-11D3-BF4B-00C04F79EFBC}") = "01", "01\01.csproj", "{02AF2B6E-0567-4FF1-91BB-67E7B83A3B2D}"
EndProject
Project("{FAE04EC0-301F-11D3-BF4B-00C04F79EFBC}") = "02", "02\02.csproj", "{F66514EA-6BB8-48FE-A1C4-F5ACAD93F85F}"
EndProject
Project("{FAE04EC0-301F-11D3-BF4B-00C04F79EFBC}") = "01Rebuild", "01Rebuild\01Rebuild.csproj", "{C1326A96-19D8-456E-A34D-2A24014F5ECC}"
EndProject
Global
	GlobalSection(SolutionConfigurationPlatforms) = preSolution
		Debug|Any CPU = Debug|Any CPU
		Release|Any CPU = Release|Any CPU
	EndGlobalSection
	GlobalSection(ProjectConfigurationPlatforms) = postSolution
		{02AF2B6E-0567-4FF1-91BB-67E7B83A3B2D}.Debug|Any CPU.ActiveCfg = Debug|Any CPU
		{02AF2B6E-0567-4FF1-91BB-67E7B83A3B2D}.Debug|Any CPU.Build.0 = Debug|Any CPU
		{02AF2B6E-0567-4FF1-91BB-67E7B83A3B2D}.Release|Any CPU.ActiveCfg = Release|Any CPU
		{02AF2B6E-0567-4FF1-91BB-67E7B83A3B2D}.Release|Any CPU.Build.0 = Release|Any CPU
		{F66514EA-6BB8-48FE-A1C4-F5ACAD93F85F}.Debug|Any CPU.ActiveCfg = Debug|Any CPU
		{F66514EA-6BB8-48FE-A1C4-F5ACAD93F85F}.Debug|Any CPU.Build.0 = Debug|Any CPU
		{F66514EA-6BB8-48FE-A1C4-F5ACAD93F85F}.Release|Any CPU.ActiveCfg = Release|Any CPU
		{F66514EA-6BB8-48FE-A1C4-F5ACAD93F85F}.Release|Any CPU.Build.0 = Release|Any CPU
		{C1326A96-19D8-456E-A34D-2A24014F5ECC}.Debug|Any CPU.ActiveCfg = Debug|Any CPU
		{C1326A96-19D8-456E-A34D-2A24014F5ECC}.Debug|Any CPU.Build.0 = Debug|Any CPU
		{C1326A96-19D8-456E-A34D-2A24014F5ECC}.Release|Any CPU.ActiveCfg = Release|Any CPU
		{C1326A96-19D8-456E-A34D-2A24014F5ECC}.Release|Any CPU.Build.0 = Release|Any CPU
	EndGlobalSection
	GlobalSection(SolutionProperties) = preSolution
		HideSolutionNode = FALSE
	EndGlobalSection
EndGlobal
